
Microsoft Visual Studio Solution File, Format Version 12.00
# Visual Studio 15
VisualStudioVersion = 15.0.27004.2005
MinimumVisualStudioVersion = 10.0.40219.1
Project("{2150E333-8FDC-42A3-9474-1A3956D46DE8}") = "Exercises", "Exercises", "{CEBC3294-B54F-4738-97F2-58BD1FC91065}"
EndProject
Project("{FAE04EC0-301F-11D3-BF4B-00C04F79EFBC}") = "Exercise_1", "Exercise_1\Exercise_1.csproj", "{A520E021-3A4E-4F54-A6E5-5A2DE6CFD505}"
EndProject
Project("{FAE04EC0-301F-11D3-BF4B-00C04F79EFBC}") = "Exercise_2", "Exercise_2\Exercise_2.csproj", "{F5327CBE-0F6A-4823-B412-F284AC187C57}"
EndProject
Project("{FAE04EC0-301F-11D3-BF4B-00C04F79EFBC}") = "Exercise_3", "Exercise_3\Exercise_3.csproj", "{73042162-F6DC-4A88-8547-8664E9C2A7FD}"
EndProject
Project("{FAE04EC0-301F-11D3-BF4B-00C04F79EFBC}") = "Exercise_4", "Exercise_4\Exercise_4.csproj", "{2C6992E3-9A21-4766-8165-66DB9354700C}"
EndProject
Project("{FAE04EC0-301F-11D3-BF4B-00C04F79EFBC}") = "Exercise_5", "Excercise_5\Exercise_5.csproj", "{D52BFC3B-D31A-41D5-A6C0-A33E800A99BD}"
EndProject
Project("{FAE04EC0-301F-11D3-BF4B-00C04F79EFBC}") = "Exercise_6", "Exercise_6\Exercise_6.csproj", "{757F858D-928A-4B55-9B46-895001811117}"
EndProject
Project("{FAE04EC0-301F-11D3-BF4B-00C04F79EFBC}") = "Exercise_8", "Exercise_8\Exercise_8.csproj", "{7B7B4966-5DF4-4FCE-B608-CD15FFAE77E6}"
EndProject
Project("{9A19103F-16F7-4668-BE54-9A1E7A4F7556}") = "Exercise_186", "Exercise_186\Exercise_186.csproj", "{FFD52F33-950F-4B2A-A9C0-8953C5077FDA}"
EndProject
Project("{9A19103F-16F7-4668-BE54-9A1E7A4F7556}") = "Exercise_11", "Exercise_11\Exercise_11.csproj", "{273083E5-52DC-497C-AB96-4BA1D81F446D}"
EndProject
Project("{9A19103F-16F7-4668-BE54-9A1E7A4F7556}") = "Exercise_15", "Exercise_15\Exercise_15.csproj", "{983D6E8F-8A2C-4CD8-8D14-DCC68E6FF578}"
EndProject
Project("{9A19103F-16F7-4668-BE54-9A1E7A4F7556}") = "Exercise_13", "Exercise_13\Exercise_13.csproj", "{C9B78FD3-5207-4097-A4F8-017C8350B631}"
EndProject
Project("{9A19103F-16F7-4668-BE54-9A1E7A4F7556}") = "Exercise_9", "Exercise_9\Exercise_9.csproj", "{147AC5EA-5A23-44CB-BFF6-DBF7D33BE92C}"
EndProject
Project("{9A19103F-16F7-4668-BE54-9A1E7A4F7556}") = "Exercise_22", "Exercise_22\Exercise_22.csproj", "{2B88EAB7-A38A-4C48-A54B-64E9203DACA0}"
EndProject
Project("{9A19103F-16F7-4668-BE54-9A1E7A4F7556}") = "Exercise_21", "Exercise_21\Exercise_21.csproj", "{2377C893-65A4-48C9-BEC7-0B75821D2FF7}"
EndProject
Project("{9A19103F-16F7-4668-BE54-9A1E7A4F7556}") = "Exercise_17", "Exercise_17\Exercise_17.csproj", "{09372A43-D57E-4ED9-BEC6-EFE156B8957F}"
EndProject
Project("{9A19103F-16F7-4668-BE54-9A1E7A4F7556}") = "Exercise_18", "Exercise_18\Exercise_18.csproj", "{59512161-4FCD-4484-8215-42976027150D}"
EndProject
Project("{9A19103F-16F7-4668-BE54-9A1E7A4F7556}") = "Exercise_24", "Exercise_24\Exercise_24.csproj", "{CC7C422F-EC77-4687-938B-D392C84BD974}"
EndProject
Project("{FAE04EC0-301F-11D3-BF4B-00C04F79EFBC}") = "Exercise_29", "Exercise_29\Exercise_29.csproj", "{2A02983F-1A1B-43E6-9079-81EC65B87336}"
EndProject
Project("{FAE04EC0-301F-11D3-BF4B-00C04F79EFBC}") = "Exercise_35", "Exercise_35\Exercise_35.csproj", "{DD9A8676-0A9C-43EF-AE17-407462D5948F}"
EndProject
Project("{FAE04EC0-301F-11D3-BF4B-00C04F79EFBC}") = "Exercise_39", "Exercise_39\Exercise_39.csproj", "{8AD81A3C-1416-40E2-9E1E-22A0A6F59650}"
EndProject
Project("{FAE04EC0-301F-11D3-BF4B-00C04F79EFBC}") = "Exercise_41", "Exercise_41\Exercise_41.csproj", "{C0A1F737-C9E1-4A69-8126-2BB727BF9D76}"
EndProject
Project("{FAE04EC0-301F-11D3-BF4B-00C04F79EFBC}") = "Exercise_42", "Exercise_42\Exercise_42.csproj", "{C7429FD2-2ADC-4E9A-B0CC-AEAFDD884F74}"
EndProject
Project("{FAE04EC0-301F-11D3-BF4B-00C04F79EFBC}") = "Exercise_14", "Exercise_14\Exercise_14.csproj", "{AF88C816-1D72-4B00-B970-E50749108C13}"
EndProject
Project("{FAE04EC0-301F-11D3-BF4B-00C04F79EFBC}") = "Exercise_19", "Exercise_19\Exercise_19.csproj", "{EF6D0A64-9EB7-47D9-B2FD-77DBFD1AF844}"
EndProject
Project("{FAE04EC0-301F-11D3-BF4B-00C04F79EFBC}") = "Exercise_59", "Exercise_59\Exercise_59.csproj", "{05F2F265-37EA-4403-B932-357AB837A4CC}"
EndProject
Project("{FAE04EC0-301F-11D3-BF4B-00C04F79EFBC}") = "Exercise_37", "Exercise_37\Exercise_37.csproj", "{A8B7E751-C044-46DC-9BB9-351468636895}"
EndProject
Project("{FAE04EC0-301F-11D3-BF4B-00C04F79EFBC}") = "Exercise_61", "Exercise_61\Exercise_61.csproj", "{F68CEE29-017F-4D1B-A185-8D7418732724}"
EndProject
Project("{FAE04EC0-301F-11D3-BF4B-00C04F79EFBC}") = "Exercise_60", "Exercise_60\Exercise_60.csproj", "{1ADD5E9E-0E85-4DB7-88AA-3C08C26771B3}"
EndProject
Project("{FAE04EC0-301F-11D3-BF4B-00C04F79EFBC}") = "Exercise_70", "Exercise_70\Exercise_70.csproj", "{63700B3A-DBB6-451D-83E5-20648AF061DA}"
EndProject
Project("{FAE04EC0-301F-11D3-BF4B-00C04F79EFBC}") = "Exercise_190", "Exercise_190\Exercise_190.csproj", "{BF372852-931A-4934-97F6-68FFCB898B53}"
EndProject
Project("{FAE04EC0-301F-11D3-BF4B-00C04F79EFBC}") = "Exercise_10", "Exercise_10\Exercise_10.csproj", "{C0067CE8-BC31-47AC-A907-D6503AA7448A}"
EndProject
Project("{FAE04EC0-301F-11D3-BF4B-00C04F79EFBC}") = "Exercise_34", "Exercise_34\Exercise_34.csproj", "{1C8EEE73-3900-44CE-B51E-D1F27FACC63B}"
EndProject
Project("{FAE04EC0-301F-11D3-BF4B-00C04F79EFBC}") = "Exercise_32", "Exercise_32\Exercise_32.csproj", "{5F1ECB87-DE10-496D-A71B-86C412C73CD1}"
EndProject
Global
	GlobalSection(SolutionConfigurationPlatforms) = preSolution
		Debug|Any CPU = Debug|Any CPU
		Release|Any CPU = Release|Any CPU
	EndGlobalSection
	GlobalSection(ProjectConfigurationPlatforms) = postSolution
		{A520E021-3A4E-4F54-A6E5-5A2DE6CFD505}.Debug|Any CPU.ActiveCfg = Debug|Any CPU
		{A520E021-3A4E-4F54-A6E5-5A2DE6CFD505}.Debug|Any CPU.Build.0 = Debug|Any CPU
		{A520E021-3A4E-4F54-A6E5-5A2DE6CFD505}.Release|Any CPU.ActiveCfg = Release|Any CPU
		{A520E021-3A4E-4F54-A6E5-5A2DE6CFD505}.Release|Any CPU.Build.0 = Release|Any CPU
		{F5327CBE-0F6A-4823-B412-F284AC187C57}.Debug|Any CPU.ActiveCfg = Debug|Any CPU
		{F5327CBE-0F6A-4823-B412-F284AC187C57}.Debug|Any CPU.Build.0 = Debug|Any CPU
		{F5327CBE-0F6A-4823-B412-F284AC187C57}.Release|Any CPU.ActiveCfg = Release|Any CPU
		{F5327CBE-0F6A-4823-B412-F284AC187C57}.Release|Any CPU.Build.0 = Release|Any CPU
		{73042162-F6DC-4A88-8547-8664E9C2A7FD}.Debug|Any CPU.ActiveCfg = Debug|Any CPU
		{73042162-F6DC-4A88-8547-8664E9C2A7FD}.Debug|Any CPU.Build.0 = Debug|Any CPU
		{73042162-F6DC-4A88-8547-8664E9C2A7FD}.Release|Any CPU.ActiveCfg = Release|Any CPU
		{73042162-F6DC-4A88-8547-8664E9C2A7FD}.Release|Any CPU.Build.0 = Release|Any CPU
		{2C6992E3-9A21-4766-8165-66DB9354700C}.Debug|Any CPU.ActiveCfg = Debug|Any CPU
		{2C6992E3-9A21-4766-8165-66DB9354700C}.Debug|Any CPU.Build.0 = Debug|Any CPU
		{2C6992E3-9A21-4766-8165-66DB9354700C}.Release|Any CPU.ActiveCfg = Release|Any CPU
		{2C6992E3-9A21-4766-8165-66DB9354700C}.Release|Any CPU.Build.0 = Release|Any CPU
		{D52BFC3B-D31A-41D5-A6C0-A33E800A99BD}.Debug|Any CPU.ActiveCfg = Debug|Any CPU
		{D52BFC3B-D31A-41D5-A6C0-A33E800A99BD}.Debug|Any CPU.Build.0 = Debug|Any CPU
		{D52BFC3B-D31A-41D5-A6C0-A33E800A99BD}.Release|Any CPU.ActiveCfg = Release|Any CPU
		{D52BFC3B-D31A-41D5-A6C0-A33E800A99BD}.Release|Any CPU.Build.0 = Release|Any CPU
		{757F858D-928A-4B55-9B46-895001811117}.Debug|Any CPU.ActiveCfg = Debug|Any CPU
		{757F858D-928A-4B55-9B46-895001811117}.Debug|Any CPU.Build.0 = Debug|Any CPU
		{757F858D-928A-4B55-9B46-895001811117}.Release|Any CPU.ActiveCfg = Release|Any CPU
		{757F858D-928A-4B55-9B46-895001811117}.Release|Any CPU.Build.0 = Release|Any CPU
		{7B7B4966-5DF4-4FCE-B608-CD15FFAE77E6}.Debug|Any CPU.ActiveCfg = Debug|Any CPU
		{7B7B4966-5DF4-4FCE-B608-CD15FFAE77E6}.Debug|Any CPU.Build.0 = Debug|Any CPU
		{7B7B4966-5DF4-4FCE-B608-CD15FFAE77E6}.Release|Any CPU.ActiveCfg = Release|Any CPU
		{7B7B4966-5DF4-4FCE-B608-CD15FFAE77E6}.Release|Any CPU.Build.0 = Release|Any CPU
		{FFD52F33-950F-4B2A-A9C0-8953C5077FDA}.Debug|Any CPU.ActiveCfg = Debug|Any CPU
		{FFD52F33-950F-4B2A-A9C0-8953C5077FDA}.Debug|Any CPU.Build.0 = Debug|Any CPU
		{FFD52F33-950F-4B2A-A9C0-8953C5077FDA}.Release|Any CPU.ActiveCfg = Release|Any CPU
		{FFD52F33-950F-4B2A-A9C0-8953C5077FDA}.Release|Any CPU.Build.0 = Release|Any CPU
		{273083E5-52DC-497C-AB96-4BA1D81F446D}.Debug|Any CPU.ActiveCfg = Debug|Any CPU
		{273083E5-52DC-497C-AB96-4BA1D81F446D}.Debug|Any CPU.Build.0 = Debug|Any CPU
		{273083E5-52DC-497C-AB96-4BA1D81F446D}.Release|Any CPU.ActiveCfg = Release|Any CPU
		{273083E5-52DC-497C-AB96-4BA1D81F446D}.Release|Any CPU.Build.0 = Release|Any CPU
		{983D6E8F-8A2C-4CD8-8D14-DCC68E6FF578}.Debug|Any CPU.ActiveCfg = Debug|Any CPU
		{983D6E8F-8A2C-4CD8-8D14-DCC68E6FF578}.Debug|Any CPU.Build.0 = Debug|Any CPU
		{983D6E8F-8A2C-4CD8-8D14-DCC68E6FF578}.Release|Any CPU.ActiveCfg = Release|Any CPU
		{983D6E8F-8A2C-4CD8-8D14-DCC68E6FF578}.Release|Any CPU.Build.0 = Release|Any CPU
		{C9B78FD3-5207-4097-A4F8-017C8350B631}.Debug|Any CPU.ActiveCfg = Debug|Any CPU
		{C9B78FD3-5207-4097-A4F8-017C8350B631}.Debug|Any CPU.Build.0 = Debug|Any CPU
		{C9B78FD3-5207-4097-A4F8-017C8350B631}.Release|Any CPU.ActiveCfg = Release|Any CPU
		{C9B78FD3-5207-4097-A4F8-017C8350B631}.Release|Any CPU.Build.0 = Release|Any CPU
		{147AC5EA-5A23-44CB-BFF6-DBF7D33BE92C}.Debug|Any CPU.ActiveCfg = Debug|Any CPU
		{147AC5EA-5A23-44CB-BFF6-DBF7D33BE92C}.Debug|Any CPU.Build.0 = Debug|Any CPU
		{147AC5EA-5A23-44CB-BFF6-DBF7D33BE92C}.Release|Any CPU.ActiveCfg = Release|Any CPU
		{147AC5EA-5A23-44CB-BFF6-DBF7D33BE92C}.Release|Any CPU.Build.0 = Release|Any CPU
		{2B88EAB7-A38A-4C48-A54B-64E9203DACA0}.Debug|Any CPU.ActiveCfg = Debug|Any CPU
		{2B88EAB7-A38A-4C48-A54B-64E9203DACA0}.Debug|Any CPU.Build.0 = Debug|Any CPU
		{2B88EAB7-A38A-4C48-A54B-64E9203DACA0}.Release|Any CPU.ActiveCfg = Release|Any CPU
		{2B88EAB7-A38A-4C48-A54B-64E9203DACA0}.Release|Any CPU.Build.0 = Release|Any CPU
		{2377C893-65A4-48C9-BEC7-0B75821D2FF7}.Debug|Any CPU.ActiveCfg = Debug|Any CPU
		{2377C893-65A4-48C9-BEC7-0B75821D2FF7}.Debug|Any CPU.Build.0 = Debug|Any CPU
		{2377C893-65A4-48C9-BEC7-0B75821D2FF7}.Release|Any CPU.ActiveCfg = Release|Any CPU
		{2377C893-65A4-48C9-BEC7-0B75821D2FF7}.Release|Any CPU.Build.0 = Release|Any CPU
		{09372A43-D57E-4ED9-BEC6-EFE156B8957F}.Debug|Any CPU.ActiveCfg = Debug|Any CPU
		{09372A43-D57E-4ED9-BEC6-EFE156B8957F}.Debug|Any CPU.Build.0 = Debug|Any CPU
		{09372A43-D57E-4ED9-BEC6-EFE156B8957F}.Release|Any CPU.ActiveCfg = Release|Any CPU
		{09372A43-D57E-4ED9-BEC6-EFE156B8957F}.Release|Any CPU.Build.0 = Release|Any CPU
		{59512161-4FCD-4484-8215-42976027150D}.Debug|Any CPU.ActiveCfg = Debug|Any CPU
		{59512161-4FCD-4484-8215-42976027150D}.Debug|Any CPU.Build.0 = Debug|Any CPU
		{59512161-4FCD-4484-8215-42976027150D}.Release|Any CPU.ActiveCfg = Release|Any CPU
		{59512161-4FCD-4484-8215-42976027150D}.Release|Any CPU.Build.0 = Release|Any CPU
		{CC7C422F-EC77-4687-938B-D392C84BD974}.Debug|Any CPU.ActiveCfg = Debug|Any CPU
		{CC7C422F-EC77-4687-938B-D392C84BD974}.Debug|Any CPU.Build.0 = Debug|Any CPU
		{CC7C422F-EC77-4687-938B-D392C84BD974}.Release|Any CPU.ActiveCfg = Release|Any CPU
		{CC7C422F-EC77-4687-938B-D392C84BD974}.Release|Any CPU.Build.0 = Release|Any CPU
		{2A02983F-1A1B-43E6-9079-81EC65B87336}.Debug|Any CPU.ActiveCfg = Debug|Any CPU
		{2A02983F-1A1B-43E6-9079-81EC65B87336}.Debug|Any CPU.Build.0 = Debug|Any CPU
		{2A02983F-1A1B-43E6-9079-81EC65B87336}.Release|Any CPU.ActiveCfg = Release|Any CPU
		{2A02983F-1A1B-43E6-9079-81EC65B87336}.Release|Any CPU.Build.0 = Release|Any CPU
		{DD9A8676-0A9C-43EF-AE17-407462D5948F}.Debug|Any CPU.ActiveCfg = Debug|Any CPU
		{DD9A8676-0A9C-43EF-AE17-407462D5948F}.Debug|Any CPU.Build.0 = Debug|Any CPU
		{DD9A8676-0A9C-43EF-AE17-407462D5948F}.Release|Any CPU.ActiveCfg = Release|Any CPU
		{DD9A8676-0A9C-43EF-AE17-407462D5948F}.Release|Any CPU.Build.0 = Release|Any CPU
		{8AD81A3C-1416-40E2-9E1E-22A0A6F59650}.Debug|Any CPU.ActiveCfg = Debug|Any CPU
		{8AD81A3C-1416-40E2-9E1E-22A0A6F59650}.Debug|Any CPU.Build.0 = Debug|Any CPU
		{8AD81A3C-1416-40E2-9E1E-22A0A6F59650}.Release|Any CPU.ActiveCfg = Release|Any CPU
		{8AD81A3C-1416-40E2-9E1E-22A0A6F59650}.Release|Any CPU.Build.0 = Release|Any CPU
		{C0A1F737-C9E1-4A69-8126-2BB727BF9D76}.Debug|Any CPU.ActiveCfg = Debug|Any CPU
		{C0A1F737-C9E1-4A69-8126-2BB727BF9D76}.Debug|Any CPU.Build.0 = Debug|Any CPU
		{C0A1F737-C9E1-4A69-8126-2BB727BF9D76}.Release|Any CPU.ActiveCfg = Release|Any CPU
		{C0A1F737-C9E1-4A69-8126-2BB727BF9D76}.Release|Any CPU.Build.0 = Release|Any CPU
		{C7429FD2-2ADC-4E9A-B0CC-AEAFDD884F74}.Debug|Any CPU.ActiveCfg = Debug|Any CPU
		{C7429FD2-2ADC-4E9A-B0CC-AEAFDD884F74}.Debug|Any CPU.Build.0 = Debug|Any CPU
		{C7429FD2-2ADC-4E9A-B0CC-AEAFDD884F74}.Release|Any CPU.ActiveCfg = Release|Any CPU
		{C7429FD2-2ADC-4E9A-B0CC-AEAFDD884F74}.Release|Any CPU.Build.0 = Release|Any CPU
		{AF88C816-1D72-4B00-B970-E50749108C13}.Debug|Any CPU.ActiveCfg = Debug|Any CPU
		{AF88C816-1D72-4B00-B970-E50749108C13}.Debug|Any CPU.Build.0 = Debug|Any CPU
		{AF88C816-1D72-4B00-B970-E50749108C13}.Release|Any CPU.ActiveCfg = Release|Any CPU
		{AF88C816-1D72-4B00-B970-E50749108C13}.Release|Any CPU.Build.0 = Release|Any CPU
		{EF6D0A64-9EB7-47D9-B2FD-77DBFD1AF844}.Debug|Any CPU.ActiveCfg = Debug|Any CPU
		{EF6D0A64-9EB7-47D9-B2FD-77DBFD1AF844}.Debug|Any CPU.Build.0 = Debug|Any CPU
		{EF6D0A64-9EB7-47D9-B2FD-77DBFD1AF844}.Release|Any CPU.ActiveCfg = Release|Any CPU
		{EF6D0A64-9EB7-47D9-B2FD-77DBFD1AF844}.Release|Any CPU.Build.0 = Release|Any CPU
		{05F2F265-37EA-4403-B932-357AB837A4CC}.Debug|Any CPU.ActiveCfg = Debug|Any CPU
		{05F2F265-37EA-4403-B932-357AB837A4CC}.Debug|Any CPU.Build.0 = Debug|Any CPU
		{05F2F265-37EA-4403-B932-357AB837A4CC}.Release|Any CPU.ActiveCfg = Release|Any CPU
		{05F2F265-37EA-4403-B932-357AB837A4CC}.Release|Any CPU.Build.0 = Release|Any CPU
		{A8B7E751-C044-46DC-9BB9-351468636895}.Debug|Any CPU.ActiveCfg = Debug|Any CPU
		{A8B7E751-C044-46DC-9BB9-351468636895}.Debug|Any CPU.Build.0 = Debug|Any CPU
		{A8B7E751-C044-46DC-9BB9-351468636895}.Release|Any CPU.ActiveCfg = Release|Any CPU
		{A8B7E751-C044-46DC-9BB9-351468636895}.Release|Any CPU.Build.0 = Release|Any CPU
		{F68CEE29-017F-4D1B-A185-8D7418732724}.Debug|Any CPU.ActiveCfg = Debug|Any CPU
		{F68CEE29-017F-4D1B-A185-8D7418732724}.Debug|Any CPU.Build.0 = Debug|Any CPU
		{F68CEE29-017F-4D1B-A185-8D7418732724}.Release|Any CPU.ActiveCfg = Release|Any CPU
		{F68CEE29-017F-4D1B-A185-8D7418732724}.Release|Any CPU.Build.0 = Release|Any CPU
		{1ADD5E9E-0E85-4DB7-88AA-3C08C26771B3}.Debug|Any CPU.ActiveCfg = Debug|Any CPU
		{1ADD5E9E-0E85-4DB7-88AA-3C08C26771B3}.Debug|Any CPU.Build.0 = Debug|Any CPU
		{1ADD5E9E-0E85-4DB7-88AA-3C08C26771B3}.Release|Any CPU.ActiveCfg = Release|Any CPU
		{1ADD5E9E-0E85-4DB7-88AA-3C08C26771B3}.Release|Any CPU.Build.0 = Release|Any CPU
		{63700B3A-DBB6-451D-83E5-20648AF061DA}.Debug|Any CPU.ActiveCfg = Debug|Any CPU
		{63700B3A-DBB6-451D-83E5-20648AF061DA}.Debug|Any CPU.Build.0 = Debug|Any CPU
		{63700B3A-DBB6-451D-83E5-20648AF061DA}.Release|Any CPU.ActiveCfg = Release|Any CPU
		{63700B3A-DBB6-451D-83E5-20648AF061DA}.Release|Any CPU.Build.0 = Release|Any CPU
		{BF372852-931A-4934-97F6-68FFCB898B53}.Debug|Any CPU.ActiveCfg = Debug|Any CPU
		{BF372852-931A-4934-97F6-68FFCB898B53}.Debug|Any CPU.Build.0 = Debug|Any CPU
		{BF372852-931A-4934-97F6-68FFCB898B53}.Release|Any CPU.ActiveCfg = Release|Any CPU
		{BF372852-931A-4934-97F6-68FFCB898B53}.Release|Any CPU.Build.0 = Release|Any CPU
		{C0067CE8-BC31-47AC-A907-D6503AA7448A}.Debug|Any CPU.ActiveCfg = Debug|Any CPU
		{C0067CE8-BC31-47AC-A907-D6503AA7448A}.Debug|Any CPU.Build.0 = Debug|Any CPU
		{C0067CE8-BC31-47AC-A907-D6503AA7448A}.Release|Any CPU.ActiveCfg = Release|Any CPU
		{C0067CE8-BC31-47AC-A907-D6503AA7448A}.Release|Any CPU.Build.0 = Release|Any CPU
		{1C8EEE73-3900-44CE-B51E-D1F27FACC63B}.Debug|Any CPU.ActiveCfg = Debug|Any CPU
		{1C8EEE73-3900-44CE-B51E-D1F27FACC63B}.Debug|Any CPU.Build.0 = Debug|Any CPU
		{1C8EEE73-3900-44CE-B51E-D1F27FACC63B}.Release|Any CPU.ActiveCfg = Release|Any CPU
		{1C8EEE73-3900-44CE-B51E-D1F27FACC63B}.Release|Any CPU.Build.0 = Release|Any CPU
		{5F1ECB87-DE10-496D-A71B-86C412C73CD1}.Debug|Any CPU.ActiveCfg = Debug|Any CPU
		{5F1ECB87-DE10-496D-A71B-86C412C73CD1}.Debug|Any CPU.Build.0 = Debug|Any CPU
		{5F1ECB87-DE10-496D-A71B-86C412C73CD1}.Release|Any CPU.ActiveCfg = Release|Any CPU
		{5F1ECB87-DE10-496D-A71B-86C412C73CD1}.Release|Any CPU.Build.0 = Release|Any CPU
	EndGlobalSection
	GlobalSection(SolutionProperties) = preSolution
		HideSolutionNode = FALSE
	EndGlobalSection
	GlobalSection(NestedProjects) = preSolution
		{A520E021-3A4E-4F54-A6E5-5A2DE6CFD505} = {CEBC3294-B54F-4738-97F2-58BD1FC91065}
		{F5327CBE-0F6A-4823-B412-F284AC187C57} = {CEBC3294-B54F-4738-97F2-58BD1FC91065}
		{73042162-F6DC-4A88-8547-8664E9C2A7FD} = {CEBC3294-B54F-4738-97F2-58BD1FC91065}
		{2C6992E3-9A21-4766-8165-66DB9354700C} = {CEBC3294-B54F-4738-97F2-58BD1FC91065}
		{D52BFC3B-D31A-41D5-A6C0-A33E800A99BD} = {CEBC3294-B54F-4738-97F2-58BD1FC91065}
		{757F858D-928A-4B55-9B46-895001811117} = {CEBC3294-B54F-4738-97F2-58BD1FC91065}
		{7B7B4966-5DF4-4FCE-B608-CD15FFAE77E6} = {CEBC3294-B54F-4738-97F2-58BD1FC91065}
		{FFD52F33-950F-4B2A-A9C0-8953C5077FDA} = {CEBC3294-B54F-4738-97F2-58BD1FC91065}
		{273083E5-52DC-497C-AB96-4BA1D81F446D} = {CEBC3294-B54F-4738-97F2-58BD1FC91065}
		{983D6E8F-8A2C-4CD8-8D14-DCC68E6FF578} = {CEBC3294-B54F-4738-97F2-58BD1FC91065}
		{C9B78FD3-5207-4097-A4F8-017C8350B631} = {CEBC3294-B54F-4738-97F2-58BD1FC91065}
		{147AC5EA-5A23-44CB-BFF6-DBF7D33BE92C} = {CEBC3294-B54F-4738-97F2-58BD1FC91065}
		{2B88EAB7-A38A-4C48-A54B-64E9203DACA0} = {CEBC3294-B54F-4738-97F2-58BD1FC91065}
		{2377C893-65A4-48C9-BEC7-0B75821D2FF7} = {CEBC3294-B54F-4738-97F2-58BD1FC91065}
		{09372A43-D57E-4ED9-BEC6-EFE156B8957F} = {CEBC3294-B54F-4738-97F2-58BD1FC91065}
		{59512161-4FCD-4484-8215-42976027150D} = {CEBC3294-B54F-4738-97F2-58BD1FC91065}
		{CC7C422F-EC77-4687-938B-D392C84BD974} = {CEBC3294-B54F-4738-97F2-58BD1FC91065}
		{2A02983F-1A1B-43E6-9079-81EC65B87336} = {CEBC3294-B54F-4738-97F2-58BD1FC91065}
		{DD9A8676-0A9C-43EF-AE17-407462D5948F} = {CEBC3294-B54F-4738-97F2-58BD1FC91065}
		{8AD81A3C-1416-40E2-9E1E-22A0A6F59650} = {CEBC3294-B54F-4738-97F2-58BD1FC91065}
		{C0A1F737-C9E1-4A69-8126-2BB727BF9D76} = {CEBC3294-B54F-4738-97F2-58BD1FC91065}
		{C7429FD2-2ADC-4E9A-B0CC-AEAFDD884F74} = {CEBC3294-B54F-4738-97F2-58BD1FC91065}
		{AF88C816-1D72-4B00-B970-E50749108C13} = {CEBC3294-B54F-4738-97F2-58BD1FC91065}
		{EF6D0A64-9EB7-47D9-B2FD-77DBFD1AF844} = {CEBC3294-B54F-4738-97F2-58BD1FC91065}
		{05F2F265-37EA-4403-B932-357AB837A4CC} = {CEBC3294-B54F-4738-97F2-58BD1FC91065}
		{A8B7E751-C044-46DC-9BB9-351468636895} = {CEBC3294-B54F-4738-97F2-58BD1FC91065}
		{F68CEE29-017F-4D1B-A185-8D7418732724} = {CEBC3294-B54F-4738-97F2-58BD1FC91065}
		{1ADD5E9E-0E85-4DB7-88AA-3C08C26771B3} = {CEBC3294-B54F-4738-97F2-58BD1FC91065}
		{63700B3A-DBB6-451D-83E5-20648AF061DA} = {CEBC3294-B54F-4738-97F2-58BD1FC91065}
		{BF372852-931A-4934-97F6-68FFCB898B53} = {CEBC3294-B54F-4738-97F2-58BD1FC91065}
		{C0067CE8-BC31-47AC-A907-D6503AA7448A} = {CEBC3294-B54F-4738-97F2-58BD1FC91065}
		{1C8EEE73-3900-44CE-B51E-D1F27FACC63B} = {CEBC3294-B54F-4738-97F2-58BD1FC91065}
		{5F1ECB87-DE10-496D-A71B-86C412C73CD1} = {CEBC3294-B54F-4738-97F2-58BD1FC91065}
	EndGlobalSection
	GlobalSection(ExtensibilityGlobals) = postSolution
		SolutionGuid = {59F5E2A0-DE48-4310-89D7-E488C38251EF}
	EndGlobalSection
EndGlobal
