
Microsoft Visual Studio Solution File, Format Version 12.00
# Visual Studio 15
VisualStudioVersion = 15.0.26730.15
MinimumVisualStudioVersion = 10.0.40219.1
Project("{FAE04EC0-301F-11D3-BF4B-00C04F79EFBC}") = "TrainYourProgrammer", "TrainYourProgrammer\TrainYourProgrammer.csproj", "{3FFD3A88-8B45-4BAB-ADAC-30E34FCA5F16}"
EndProject
Project("{FAE04EC0-301F-11D3-BF4B-00C04F79EFBC}") = "ConvertNumberToWord", "ConvertNumberToWord\ConvertNumberToWord.csproj", "{FB476401-100D-43DC-AD79-184431A27B1B}"
EndProject
Project("{2150E333-8FDC-42A3-9474-1A3956D46DE8}") = "Basic", "Basic", "{3316C47B-7DC9-46EE-9D8F-49B88DAF100E}"
EndProject
Project("{2150E333-8FDC-42A3-9474-1A3956D46DE8}") = "Exercises", "Exercises", "{CEBC3294-B54F-4738-97F2-58BD1FC91065}"
EndProject
Project("{FAE04EC0-301F-11D3-BF4B-00C04F79EFBC}") = "Exercise_1", "Exercise_1\Exercise_1.csproj", "{A520E021-3A4E-4F54-A6E5-5A2DE6CFD505}"
EndProject
Project("{FAE04EC0-301F-11D3-BF4B-00C04F79EFBC}") = "Exercise_2", "Exercise_2\Exercise_2.csproj", "{F5327CBE-0F6A-4823-B412-F284AC187C57}"
EndProject
Project("{FAE04EC0-301F-11D3-BF4B-00C04F79EFBC}") = "Exercise_3", "Exercise_3\Exercise_3.csproj", "{73042162-F6DC-4A88-8547-8664E9C2A7FD}"
EndProject
Project("{FAE04EC0-301F-11D3-BF4B-00C04F79EFBC}") = "Exercise_4", "Exercise_4\Exercise_4.csproj", "{2C6992E3-9A21-4766-8165-66DB9354700C}"
EndProject
Project("{FAE04EC0-301F-11D3-BF4B-00C04F79EFBC}") = "Exercise_5", "Excercise_5\Exercise_5.csproj", "{D52BFC3B-D31A-41D5-A6C0-A33E800A99BD}"
EndProject
Project("{FAE04EC0-301F-11D3-BF4B-00C04F79EFBC}") = "Exercise_6", "Exercise_6\Exercise_6.csproj", "{757F858D-928A-4B55-9B46-895001811117}"
EndProject
Project("{FAE04EC0-301F-11D3-BF4B-00C04F79EFBC}") = "Exercise_8", "Exercise_8\Exercise_8.csproj", "{7B7B4966-5DF4-4FCE-B608-CD15FFAE77E6}"
EndProject
Project("{FAE04EC0-301F-11D3-BF4B-00C04F79EFBC}") = "Exercise_190", "Exercise_190\Exercise_190.csproj", "{FAD85D72-4324-46B0-8338-4D18AF1BDE93}"
EndProject
Project("{9A19103F-16F7-4668-BE54-9A1E7A4F7556}") = "Exercise_186", "Exercise_186\Exercise_186.csproj", "{FFD52F33-950F-4B2A-A9C0-8953C5077FDA}"
EndProject
Project("{9A19103F-16F7-4668-BE54-9A1E7A4F7556}") = "Exercise_11", "Exercise_11\Exercise_11.csproj", "{273083E5-52DC-497C-AB96-4BA1D81F446D}"
EndProject
Project("{9A19103F-16F7-4668-BE54-9A1E7A4F7556}") = "Exercise_15", "Exercise_15\Exercise_15.csproj", "{983D6E8F-8A2C-4CD8-8D14-DCC68E6FF578}"
EndProject
Project("{9A19103F-16F7-4668-BE54-9A1E7A4F7556}") = "Exercise_13", "Exercise_13\Exercise_13.csproj", "{C9B78FD3-5207-4097-A4F8-017C8350B631}"
EndProject
Project("{FAE04EC0-301F-11D3-BF4B-00C04F79EFBC}") = "Exercise_9", "Exercise_9\Exercise_9.csproj", "{147AC5EA-5A23-44CB-BFF6-DBF7D33BE92C}"
EndProject
Project("{FAE04EC0-301F-11D3-BF4B-00C04F79EFBC}") = "Exercise_22", "Exercise_22\Exercise_22.csproj", "{2B88EAB7-A38A-4C48-A54B-64E9203DACA0}"
EndProject
Project("{FAE04EC0-301F-11D3-BF4B-00C04F79EFBC}") = "Exercise_21", "Exercise_21\Exercise_21.csproj", "{2377C893-65A4-48C9-BEC7-0B75821D2FF7}"
EndProject
Project("{FAE04EC0-301F-11D3-BF4B-00C04F79EFBC}") = "Exercise_17", "Exercise_17\Exercise_17.csproj", "{09372A43-D57E-4ED9-BEC6-EFE156B8957F}"
EndProject
Project("{FAE04EC0-301F-11D3-BF4B-00C04F79EFBC}") = "Exercise_18", "Exercise_18\Exercise_18.csproj", "{59512161-4FCD-4484-8215-42976027150D}"
EndProject
Project("{FAE04EC0-301F-11D3-BF4B-00C04F79EFBC}") = "Exercise_24", "Exercise\Exercise_24.csproj", "{A233604E-B52D-4509-8573-BC59D7136E28}"
EndProject
Global
	GlobalSection(SolutionConfigurationPlatforms) = preSolution
		Debug|Any CPU = Debug|Any CPU
		Release|Any CPU = Release|Any CPU
	EndGlobalSection
	GlobalSection(ProjectConfigurationPlatforms) = postSolution
		{3FFD3A88-8B45-4BAB-ADAC-30E34FCA5F16}.Debug|Any CPU.ActiveCfg = Debug|Any CPU
		{3FFD3A88-8B45-4BAB-ADAC-30E34FCA5F16}.Debug|Any CPU.Build.0 = Debug|Any CPU
		{3FFD3A88-8B45-4BAB-ADAC-30E34FCA5F16}.Release|Any CPU.ActiveCfg = Release|Any CPU
		{3FFD3A88-8B45-4BAB-ADAC-30E34FCA5F16}.Release|Any CPU.Build.0 = Release|Any CPU
		{FB476401-100D-43DC-AD79-184431A27B1B}.Debug|Any CPU.ActiveCfg = Debug|Any CPU
		{FB476401-100D-43DC-AD79-184431A27B1B}.Debug|Any CPU.Build.0 = Debug|Any CPU
		{FB476401-100D-43DC-AD79-184431A27B1B}.Release|Any CPU.ActiveCfg = Release|Any CPU
		{FB476401-100D-43DC-AD79-184431A27B1B}.Release|Any CPU.Build.0 = Release|Any CPU
		{A520E021-3A4E-4F54-A6E5-5A2DE6CFD505}.Debug|Any CPU.ActiveCfg = Debug|Any CPU
		{A520E021-3A4E-4F54-A6E5-5A2DE6CFD505}.Debug|Any CPU.Build.0 = Debug|Any CPU
		{A520E021-3A4E-4F54-A6E5-5A2DE6CFD505}.Release|Any CPU.ActiveCfg = Release|Any CPU
		{A520E021-3A4E-4F54-A6E5-5A2DE6CFD505}.Release|Any CPU.Build.0 = Release|Any CPU
		{F5327CBE-0F6A-4823-B412-F284AC187C57}.Debug|Any CPU.ActiveCfg = Debug|Any CPU
		{F5327CBE-0F6A-4823-B412-F284AC187C57}.Debug|Any CPU.Build.0 = Debug|Any CPU
		{F5327CBE-0F6A-4823-B412-F284AC187C57}.Release|Any CPU.ActiveCfg = Release|Any CPU
		{F5327CBE-0F6A-4823-B412-F284AC187C57}.Release|Any CPU.Build.0 = Release|Any CPU
		{73042162-F6DC-4A88-8547-8664E9C2A7FD}.Debug|Any CPU.ActiveCfg = Debug|Any CPU
		{73042162-F6DC-4A88-8547-8664E9C2A7FD}.Debug|Any CPU.Build.0 = Debug|Any CPU
		{73042162-F6DC-4A88-8547-8664E9C2A7FD}.Release|Any CPU.ActiveCfg = Release|Any CPU
		{73042162-F6DC-4A88-8547-8664E9C2A7FD}.Release|Any CPU.Build.0 = Release|Any CPU
		{2C6992E3-9A21-4766-8165-66DB9354700C}.Debug|Any CPU.ActiveCfg = Debug|Any CPU
		{2C6992E3-9A21-4766-8165-66DB9354700C}.Debug|Any CPU.Build.0 = Debug|Any CPU
		{2C6992E3-9A21-4766-8165-66DB9354700C}.Release|Any CPU.ActiveCfg = Release|Any CPU
		{2C6992E3-9A21-4766-8165-66DB9354700C}.Release|Any CPU.Build.0 = Release|Any CPU
		{D52BFC3B-D31A-41D5-A6C0-A33E800A99BD}.Debug|Any CPU.ActiveCfg = Debug|Any CPU
		{D52BFC3B-D31A-41D5-A6C0-A33E800A99BD}.Debug|Any CPU.Build.0 = Debug|Any CPU
		{D52BFC3B-D31A-41D5-A6C0-A33E800A99BD}.Release|Any CPU.ActiveCfg = Release|Any CPU
		{D52BFC3B-D31A-41D5-A6C0-A33E800A99BD}.Release|Any CPU.Build.0 = Release|Any CPU
		{757F858D-928A-4B55-9B46-895001811117}.Debug|Any CPU.ActiveCfg = Debug|Any CPU
		{757F858D-928A-4B55-9B46-895001811117}.Debug|Any CPU.Build.0 = Debug|Any CPU
		{757F858D-928A-4B55-9B46-895001811117}.Release|Any CPU.ActiveCfg = Release|Any CPU
		{757F858D-928A-4B55-9B46-895001811117}.Release|Any CPU.Build.0 = Release|Any CPU
		{7B7B4966-5DF4-4FCE-B608-CD15FFAE77E6}.Debug|Any CPU.ActiveCfg = Debug|Any CPU
		{7B7B4966-5DF4-4FCE-B608-CD15FFAE77E6}.Debug|Any CPU.Build.0 = Debug|Any CPU
		{7B7B4966-5DF4-4FCE-B608-CD15FFAE77E6}.Release|Any CPU.ActiveCfg = Release|Any CPU
		{7B7B4966-5DF4-4FCE-B608-CD15FFAE77E6}.Release|Any CPU.Build.0 = Release|Any CPU
		{FAD85D72-4324-46B0-8338-4D18AF1BDE93}.Debug|Any CPU.ActiveCfg = Debug|Any CPU
		{FAD85D72-4324-46B0-8338-4D18AF1BDE93}.Debug|Any CPU.Build.0 = Debug|Any CPU
		{FAD85D72-4324-46B0-8338-4D18AF1BDE93}.Release|Any CPU.ActiveCfg = Release|Any CPU
		{FAD85D72-4324-46B0-8338-4D18AF1BDE93}.Release|Any CPU.Build.0 = Release|Any CPU
		{FFD52F33-950F-4B2A-A9C0-8953C5077FDA}.Debug|Any CPU.ActiveCfg = Debug|Any CPU
		{FFD52F33-950F-4B2A-A9C0-8953C5077FDA}.Debug|Any CPU.Build.0 = Debug|Any CPU
		{FFD52F33-950F-4B2A-A9C0-8953C5077FDA}.Release|Any CPU.ActiveCfg = Release|Any CPU
		{FFD52F33-950F-4B2A-A9C0-8953C5077FDA}.Release|Any CPU.Build.0 = Release|Any CPU
		{273083E5-52DC-497C-AB96-4BA1D81F446D}.Debug|Any CPU.ActiveCfg = Debug|Any CPU
		{273083E5-52DC-497C-AB96-4BA1D81F446D}.Debug|Any CPU.Build.0 = Debug|Any CPU
		{273083E5-52DC-497C-AB96-4BA1D81F446D}.Release|Any CPU.ActiveCfg = Release|Any CPU
		{273083E5-52DC-497C-AB96-4BA1D81F446D}.Release|Any CPU.Build.0 = Release|Any CPU
		{983D6E8F-8A2C-4CD8-8D14-DCC68E6FF578}.Debug|Any CPU.ActiveCfg = Debug|Any CPU
		{983D6E8F-8A2C-4CD8-8D14-DCC68E6FF578}.Debug|Any CPU.Build.0 = Debug|Any CPU
		{983D6E8F-8A2C-4CD8-8D14-DCC68E6FF578}.Release|Any CPU.ActiveCfg = Release|Any CPU
		{983D6E8F-8A2C-4CD8-8D14-DCC68E6FF578}.Release|Any CPU.Build.0 = Release|Any CPU
		{C9B78FD3-5207-4097-A4F8-017C8350B631}.Debug|Any CPU.ActiveCfg = Debug|Any CPU
		{C9B78FD3-5207-4097-A4F8-017C8350B631}.Debug|Any CPU.Build.0 = Debug|Any CPU
		{C9B78FD3-5207-4097-A4F8-017C8350B631}.Release|Any CPU.ActiveCfg = Release|Any CPU
		{C9B78FD3-5207-4097-A4F8-017C8350B631}.Release|Any CPU.Build.0 = Release|Any CPU
		{147AC5EA-5A23-44CB-BFF6-DBF7D33BE92C}.Debug|Any CPU.ActiveCfg = Debug|Any CPU
		{147AC5EA-5A23-44CB-BFF6-DBF7D33BE92C}.Debug|Any CPU.Build.0 = Debug|Any CPU
		{147AC5EA-5A23-44CB-BFF6-DBF7D33BE92C}.Release|Any CPU.ActiveCfg = Release|Any CPU
		{147AC5EA-5A23-44CB-BFF6-DBF7D33BE92C}.Release|Any CPU.Build.0 = Release|Any CPU
		{2B88EAB7-A38A-4C48-A54B-64E9203DACA0}.Debug|Any CPU.ActiveCfg = Debug|Any CPU
		{2B88EAB7-A38A-4C48-A54B-64E9203DACA0}.Debug|Any CPU.Build.0 = Debug|Any CPU
		{2B88EAB7-A38A-4C48-A54B-64E9203DACA0}.Release|Any CPU.ActiveCfg = Release|Any CPU
		{2B88EAB7-A38A-4C48-A54B-64E9203DACA0}.Release|Any CPU.Build.0 = Release|Any CPU
		{2377C893-65A4-48C9-BEC7-0B75821D2FF7}.Debug|Any CPU.ActiveCfg = Debug|Any CPU
		{2377C893-65A4-48C9-BEC7-0B75821D2FF7}.Debug|Any CPU.Build.0 = Debug|Any CPU
		{2377C893-65A4-48C9-BEC7-0B75821D2FF7}.Release|Any CPU.ActiveCfg = Release|Any CPU
		{2377C893-65A4-48C9-BEC7-0B75821D2FF7}.Release|Any CPU.Build.0 = Release|Any CPU
		{09372A43-D57E-4ED9-BEC6-EFE156B8957F}.Debug|Any CPU.ActiveCfg = Debug|Any CPU
		{09372A43-D57E-4ED9-BEC6-EFE156B8957F}.Debug|Any CPU.Build.0 = Debug|Any CPU
		{09372A43-D57E-4ED9-BEC6-EFE156B8957F}.Release|Any CPU.ActiveCfg = Release|Any CPU
		{09372A43-D57E-4ED9-BEC6-EFE156B8957F}.Release|Any CPU.Build.0 = Release|Any CPU
		{59512161-4FCD-4484-8215-42976027150D}.Debug|Any CPU.ActiveCfg = Debug|Any CPU
		{59512161-4FCD-4484-8215-42976027150D}.Debug|Any CPU.Build.0 = Debug|Any CPU
		{59512161-4FCD-4484-8215-42976027150D}.Release|Any CPU.ActiveCfg = Release|Any CPU
		{59512161-4FCD-4484-8215-42976027150D}.Release|Any CPU.Build.0 = Release|Any CPU
		{A233604E-B52D-4509-8573-BC59D7136E28}.Debug|Any CPU.ActiveCfg = Debug|Any CPU
		{A233604E-B52D-4509-8573-BC59D7136E28}.Debug|Any CPU.Build.0 = Debug|Any CPU
		{A233604E-B52D-4509-8573-BC59D7136E28}.Release|Any CPU.ActiveCfg = Release|Any CPU
		{A233604E-B52D-4509-8573-BC59D7136E28}.Release|Any CPU.Build.0 = Release|Any CPU
	EndGlobalSection
	GlobalSection(SolutionProperties) = preSolution
		HideSolutionNode = FALSE
	EndGlobalSection
	GlobalSection(NestedProjects) = preSolution
		{3FFD3A88-8B45-4BAB-ADAC-30E34FCA5F16} = {3316C47B-7DC9-46EE-9D8F-49B88DAF100E}
		{FB476401-100D-43DC-AD79-184431A27B1B} = {3316C47B-7DC9-46EE-9D8F-49B88DAF100E}
		{A520E021-3A4E-4F54-A6E5-5A2DE6CFD505} = {CEBC3294-B54F-4738-97F2-58BD1FC91065}
		{F5327CBE-0F6A-4823-B412-F284AC187C57} = {CEBC3294-B54F-4738-97F2-58BD1FC91065}
		{73042162-F6DC-4A88-8547-8664E9C2A7FD} = {CEBC3294-B54F-4738-97F2-58BD1FC91065}
		{2C6992E3-9A21-4766-8165-66DB9354700C} = {CEBC3294-B54F-4738-97F2-58BD1FC91065}
		{D52BFC3B-D31A-41D5-A6C0-A33E800A99BD} = {CEBC3294-B54F-4738-97F2-58BD1FC91065}
		{757F858D-928A-4B55-9B46-895001811117} = {CEBC3294-B54F-4738-97F2-58BD1FC91065}
		{7B7B4966-5DF4-4FCE-B608-CD15FFAE77E6} = {CEBC3294-B54F-4738-97F2-58BD1FC91065}
		{FAD85D72-4324-46B0-8338-4D18AF1BDE93} = {CEBC3294-B54F-4738-97F2-58BD1FC91065}
		{FFD52F33-950F-4B2A-A9C0-8953C5077FDA} = {CEBC3294-B54F-4738-97F2-58BD1FC91065}
		{273083E5-52DC-497C-AB96-4BA1D81F446D} = {CEBC3294-B54F-4738-97F2-58BD1FC91065}
		{983D6E8F-8A2C-4CD8-8D14-DCC68E6FF578} = {CEBC3294-B54F-4738-97F2-58BD1FC91065}
		{C9B78FD3-5207-4097-A4F8-017C8350B631} = {CEBC3294-B54F-4738-97F2-58BD1FC91065}
		{147AC5EA-5A23-44CB-BFF6-DBF7D33BE92C} = {CEBC3294-B54F-4738-97F2-58BD1FC91065}
		{2B88EAB7-A38A-4C48-A54B-64E9203DACA0} = {CEBC3294-B54F-4738-97F2-58BD1FC91065}
		{2377C893-65A4-48C9-BEC7-0B75821D2FF7} = {CEBC3294-B54F-4738-97F2-58BD1FC91065}
		{09372A43-D57E-4ED9-BEC6-EFE156B8957F} = {CEBC3294-B54F-4738-97F2-58BD1FC91065}
		{59512161-4FCD-4484-8215-42976027150D} = {CEBC3294-B54F-4738-97F2-58BD1FC91065}
		{A233604E-B52D-4509-8573-BC59D7136E28} = {CEBC3294-B54F-4738-97F2-58BD1FC91065}
	EndGlobalSection
	GlobalSection(ExtensibilityGlobals) = postSolution
		SolutionGuid = {59F5E2A0-DE48-4310-89D7-E488C38251EF}
	EndGlobalSection
EndGlobal
